{
  "originHash" : "0c63bc8cfeb9fa1ca4827a57b55d8680c0df6c5b5b09a1359a78b55eaa008fa1",
  "pins" : [
    {
      "identity" : "swift-collections",
      "kind" : "remoteSourceControl",
      "location" : "https://github.com/apple/swift-collections",
      "state" : {
        "revision" : "fea17c02d767f46b23070fdfdacc28a03a39232a",
        "version" : "1.5.1"
      }
    }
  ],
  "version" : 3
}
